
Microsoft Visual Studio Solution File, Format Version 11.00
# Visual Studio 2010
Project("{FAE04EC0-301F-11D3-BF4B-00C04F79EFBC}") = "MovieTesting", "MovieTesting\MovieTesting.csproj", "{E1385626-3371-4E33-8C7F-267B8F6C9F0E}"
EndProject
Project("{2150E333-8FDC-42A3-9474-1A3956D46DE8}") = "Solution Items", "Solution Items", "{CD7B50A6-6845-443B-97D1-7266CA95245A}"
	ProjectSection(SolutionItems) = preProject
		FORWit Movies2.vsmdi = FORWit Movies2.vsmdi
		Local.testsettings = Local.testsettings
		TraceAndTestImpact.testsettings = TraceAndTestImpact.testsettings
	EndProjectSection
EndProject
Project("{FAE04EC0-301F-11D3-BF4B-00C04F79EFBC}") = "FORWit.Movies.Web", "FORWit.Movies.Web\FORWit.Movies.Web.csproj", "{7196F711-180D-4816-BB17-FEF4DC8898A4}"
EndProject
Project("{FAE04EC0-301F-11D3-BF4B-00C04F79EFBC}") = "FORwitServiceLibrary", "WcfServiceLibrary1\FORwitServiceLibrary.csproj", "{3EEDF86F-84EA-44EB-B08D-166853978AF9}"
EndProject
Global
	GlobalSection(TeamFoundationVersionControl) = preSolution
		SccNumberOfProjects = 4
		SccEnterpriseProvider = {4CA58AB2-18FA-4F8D-95D4-32DDF27D184C}
		SccTeamFoundationServer = http://199.193.232.17:8080/tfs/groupprojectcollection
		SccLocalPath0 = .
		SccProjectUniqueName1 = MovieTesting\\MovieTesting.csproj
		SccProjectName1 = MovieTesting
		SccLocalPath1 = MovieTesting
		SccProjectUniqueName2 = FORWit.Movies.Web\\FORWit.Movies.Web.csproj
		SccProjectName2 = FORWit.Movies.Web
		SccLocalPath2 = FORWit.Movies.Web
		SccProjectUniqueName3 = WcfServiceLibrary1\\FORwitServiceLibrary.csproj
		SccProjectName3 = WcfServiceLibrary1
		SccLocalPath3 = WcfServiceLibrary1
	EndGlobalSection
	GlobalSection(TestCaseManagementSettings) = postSolution
		CategoryFile = FORWit Movies2.vsmdi
	EndGlobalSection
	GlobalSection(SolutionConfigurationPlatforms) = preSolution
		Debug|Any CPU = Debug|Any CPU
		Release|Any CPU = Release|Any CPU
	EndGlobalSection
	GlobalSection(ProjectConfigurationPlatforms) = postSolution
		{E1385626-3371-4E33-8C7F-267B8F6C9F0E}.Debug|Any CPU.ActiveCfg = Debug|Any CPU
		{E1385626-3371-4E33-8C7F-267B8F6C9F0E}.Debug|Any CPU.Build.0 = Debug|Any CPU
		{E1385626-3371-4E33-8C7F-267B8F6C9F0E}.Release|Any CPU.ActiveCfg = Release|Any CPU
		{E1385626-3371-4E33-8C7F-267B8F6C9F0E}.Release|Any CPU.Build.0 = Release|Any CPU
		{7196F711-180D-4816-BB17-FEF4DC8898A4}.Debug|Any CPU.ActiveCfg = Debug|Any CPU
		{7196F711-180D-4816-BB17-FEF4DC8898A4}.Debug|Any CPU.Build.0 = Debug|Any CPU
		{7196F711-180D-4816-BB17-FEF4DC8898A4}.Release|Any CPU.ActiveCfg = Release|Any CPU
		{7196F711-180D-4816-BB17-FEF4DC8898A4}.Release|Any CPU.Build.0 = Release|Any CPU
		{3EEDF86F-84EA-44EB-B08D-166853978AF9}.Debug|Any CPU.ActiveCfg = Debug|Any CPU
		{3EEDF86F-84EA-44EB-B08D-166853978AF9}.Debug|Any CPU.Build.0 = Debug|Any CPU
		{3EEDF86F-84EA-44EB-B08D-166853978AF9}.Release|Any CPU.ActiveCfg = Release|Any CPU
		{3EEDF86F-84EA-44EB-B08D-166853978AF9}.Release|Any CPU.Build.0 = Release|Any CPU
	EndGlobalSection
	GlobalSection(SolutionProperties) = preSolution
		HideSolutionNode = FALSE
	EndGlobalSection
EndGlobal
